
Microsoft Visual Studio Solution File, Format Version 10.00
# Visual Studio 2008
Project("{8BC9CEB8-8B4A-11D0-8D11-00A0C91BC942}") = "hw1", "hw1\hw1.vcproj", "{595EAB9A-FEA6-43E8-8247-F069DBE494A4}"
EndProject
Global
	GlobalSection(SolutionConfigurationPlatforms) = preSolution
		Debug|Win32 = Debug|Win32
		Release|Win32 = Release|Win32
	EndGlobalSection
	GlobalSection(ProjectConfigurationPlatforms) = postSolution
		{595EAB9A-FEA6-43E8-8247-F069DBE494A4}.Debug|Win32.ActiveCfg = Debug|Win32
		{595EAB9A-FEA6-43E8-8247-F069DBE494A4}.Debug|Win32.Build.0 = Debug|Win32
		{595EAB9A-FEA6-43E8-8247-F069DBE494A4}.Release|Win32.ActiveCfg = Release|Win32
		{595EAB9A-FEA6-43E8-8247-F069DBE494A4}.Release|Win32.Build.0 = Release|Win32
	EndGlobalSection
	GlobalSection(SolutionProperties) = preSolution
		HideSolutionNode = FALSE
	EndGlobalSection
EndGlobal
